
Microsoft Visual Studio Solution File, Format Version 12.00
# Visual Studio Version 16
VisualStudioVersion = 16.0.29519.181
MinimumVisualStudioVersion = 10.0.40219.1
Project("{9A19103F-16F7-4668-BE54-9A1E7A4F7556}") = "UABot", "UABot\UABot.csproj", "{614605D7-0912-41E7-9B07-47A575FFC6B1}"
EndProject
Project("{FAE04EC0-301F-11D3-BF4B-00C04F79EFBC}") = "Database", "Database\Database.csproj", "{316F07DE-CD86-43F4-83CC-D4EA85707900}"
EndProject
Global
	GlobalSection(SolutionConfigurationPlatforms) = preSolution
		Debug|Any CPU = Debug|Any CPU
		Release|Any CPU = Release|Any CPU
	EndGlobalSection
	GlobalSection(ProjectConfigurationPlatforms) = postSolution
		{614605D7-0912-41E7-9B07-47A575FFC6B1}.Debug|Any CPU.ActiveCfg = Debug|Any CPU
		{614605D7-0912-41E7-9B07-47A575FFC6B1}.Debug|Any CPU.Build.0 = Debug|Any CPU
		{614605D7-0912-41E7-9B07-47A575FFC6B1}.Release|Any CPU.ActiveCfg = Release|Any CPU
		{614605D7-0912-41E7-9B07-47A575FFC6B1}.Release|Any CPU.Build.0 = Release|Any CPU
		{316F07DE-CD86-43F4-83CC-D4EA85707900}.Debug|Any CPU.ActiveCfg = Debug|Any CPU
		{316F07DE-CD86-43F4-83CC-D4EA85707900}.Debug|Any CPU.Build.0 = Debug|Any CPU
		{316F07DE-CD86-43F4-83CC-D4EA85707900}.Release|Any CPU.ActiveCfg = Release|Any CPU
		{316F07DE-CD86-43F4-83CC-D4EA85707900}.Release|Any CPU.Build.0 = Release|Any CPU
	EndGlobalSection
	GlobalSection(SolutionProperties) = preSolution
		HideSolutionNode = FALSE
	EndGlobalSection
	GlobalSection(ExtensibilityGlobals) = postSolution
		SolutionGuid = {8D624641-CF3C-4F58-BA26-9BF4818A880A}
	EndGlobalSection
EndGlobal
